
Microsoft Visual Studio Solution File, Format Version 12.00
# Visual Studio Version 17
VisualStudioVersion = 17.14.36221.1 d17.14
MinimumVisualStudioVersion = 10.0.40219.1
Project("{FAE04EC0-301F-11D3-BF4B-00C04F79EFBC}") = "ConsoleApp2", "ConsoleApp2\ConsoleApp2.csproj", "{3CD1321B-7262-4BDE-B912-996EF2D3146C}"
EndProject
Global
	GlobalSection(SolutionConfigurationPlatforms) = preSolution
		Debug|Any CPU = Debug|Any CPU
		Release|Any CPU = Release|Any CPU
	EndGlobalSection
	GlobalSection(ProjectConfigurationPlatforms) = postSolution
		{3CD1321B-7262-4BDE-B912-996EF2D3146C}.Debug|Any CPU.ActiveCfg = Debug|Any CPU
		{3CD1321B-7262-4BDE-B912-996EF2D3146C}.Debug|Any CPU.Build.0 = Debug|Any CPU
		{3CD1321B-7262-4BDE-B912-996EF2D3146C}.Release|Any CPU.ActiveCfg = Release|Any CPU
		{3CD1321B-7262-4BDE-B912-996EF2D3146C}.Release|Any CPU.Build.0 = Release|Any CPU
	EndGlobalSection
	GlobalSection(SolutionProperties) = preSolution
		HideSolutionNode = FALSE
	EndGlobalSection
	GlobalSection(ExtensibilityGlobals) = postSolution
		SolutionGuid = {6151BA33-EEF3-4D13-B291-6BCD85CBBA43}
	EndGlobalSection
EndGlobal
