
Microsoft Visual Studio Solution File, Format Version 12.00
# Visual Studio Version 17
VisualStudioVersion = 17.14.36221.1 d17.14
MinimumVisualStudioVersion = 10.0.40219.1
Project("{FAE04EC0-301F-11D3-BF4B-00C04F79EFBC}") = "ConsoleApp5", "ConsoleApp5\ConsoleApp5.csproj", "{6FE668BD-B203-43EB-87A5-3F4180091FDB}"
EndProject
Global
	GlobalSection(SolutionConfigurationPlatforms) = preSolution
		Debug|Any CPU = Debug|Any CPU
		Release|Any CPU = Release|Any CPU
	EndGlobalSection
	GlobalSection(ProjectConfigurationPlatforms) = postSolution
		{6FE668BD-B203-43EB-87A5-3F4180091FDB}.Debug|Any CPU.ActiveCfg = Debug|Any CPU
		{6FE668BD-B203-43EB-87A5-3F4180091FDB}.Debug|Any CPU.Build.0 = Debug|Any CPU
		{6FE668BD-B203-43EB-87A5-3F4180091FDB}.Release|Any CPU.ActiveCfg = Release|Any CPU
		{6FE668BD-B203-43EB-87A5-3F4180091FDB}.Release|Any CPU.Build.0 = Release|Any CPU
	EndGlobalSection
	GlobalSection(SolutionProperties) = preSolution
		HideSolutionNode = FALSE
	EndGlobalSection
	GlobalSection(ExtensibilityGlobals) = postSolution
		SolutionGuid = {BBFB0EB3-88BC-455C-8519-9147492CA51E}
	EndGlobalSection
EndGlobal
