
Microsoft Visual Studio Solution File, Format Version 12.00
# Visual Studio Version 17
VisualStudioVersion = 17.14.36221.1 d17.14
MinimumVisualStudioVersion = 10.0.40219.1
Project("{FAE04EC0-301F-11D3-BF4B-00C04F79EFBC}") = "WindowsFormsApp1", "WindowsFormsApp1\WindowsFormsApp1.csproj", "{43DA1064-22C5-4C29-B5E0-FC0FD3E7B55F}"
EndProject
Global
	GlobalSection(SolutionConfigurationPlatforms) = preSolution
		Debug|Any CPU = Debug|Any CPU
		Release|Any CPU = Release|Any CPU
	EndGlobalSection
	GlobalSection(ProjectConfigurationPlatforms) = postSolution
		{43DA1064-22C5-4C29-B5E0-FC0FD3E7B55F}.Debug|Any CPU.ActiveCfg = Debug|Any CPU
		{43DA1064-22C5-4C29-B5E0-FC0FD3E7B55F}.Debug|Any CPU.Build.0 = Debug|Any CPU
		{43DA1064-22C5-4C29-B5E0-FC0FD3E7B55F}.Release|Any CPU.ActiveCfg = Release|Any CPU
		{43DA1064-22C5-4C29-B5E0-FC0FD3E7B55F}.Release|Any CPU.Build.0 = Release|Any CPU
	EndGlobalSection
	GlobalSection(SolutionProperties) = preSolution
		HideSolutionNode = FALSE
	EndGlobalSection
	GlobalSection(ExtensibilityGlobals) = postSolution
		SolutionGuid = {4CAF1A90-E011-462D-8E14-C542AEC060F2}
	EndGlobalSection
EndGlobal
